
Microsoft Visual Studio Solution File, Format Version 12.00
# Visual Studio Version 17
VisualStudioVersion = 17.9.34616.47
MinimumVisualStudioVersion = 10.0.40219.1
Project("{8BC9CEB8-8B4A-11D0-8D11-00A0C91BC942}") = "Project1", "Project1.vcxproj", "{FA463B02-F240-43BB-A98D-5D3C73B21FFA}"
EndProject
Global
	GlobalSection(SolutionConfigurationPlatforms) = preSolution
		Debug|x64 = Debug|x64
		Debug|x86 = Debug|x86
		Release|x64 = Release|x64
		Release|x86 = Release|x86
	EndGlobalSection
	GlobalSection(ProjectConfigurationPlatforms) = postSolution
		{FA463B02-F240-43BB-A98D-5D3C73B21FFA}.Debug|x64.ActiveCfg = Debug|x64
		{FA463B02-F240-43BB-A98D-5D3C73B21FFA}.Debug|x64.Build.0 = Debug|x64
		{FA463B02-F240-43BB-A98D-5D3C73B21FFA}.Debug|x86.ActiveCfg = Debug|Win32
		{FA463B02-F240-43BB-A98D-5D3C73B21FFA}.Debug|x86.Build.0 = Debug|Win32
		{FA463B02-F240-43BB-A98D-5D3C73B21FFA}.Release|x64.ActiveCfg = Release|x64
		{FA463B02-F240-43BB-A98D-5D3C73B21FFA}.Release|x64.Build.0 = Release|x64
		{FA463B02-F240-43BB-A98D-5D3C73B21FFA}.Release|x86.ActiveCfg = Release|Win32
		{FA463B02-F240-43BB-A98D-5D3C73B21FFA}.Release|x86.Build.0 = Release|Win32
	EndGlobalSection
	GlobalSection(SolutionProperties) = preSolution
		HideSolutionNode = FALSE
	EndGlobalSection
	GlobalSection(ExtensibilityGlobals) = postSolution
		SolutionGuid = {650043CF-6DC4-4954-B049-0FEFFCA924D9}
	EndGlobalSection
EndGlobal
